{
  "name": "assets",
  "lockfileVersion": 2,
  "requires": true,
  "packages": {
    "": {
      "license": "MIT",
      "dependencies": {
        "phoenix": "file:../deps/phoenix",
        "phoenix_html": "file:../deps/phoenix_html",
        "phoenix_live_view": "file:../deps/phoenix_live_view",
        "topbar": "^1.0.1"
      }
    },
    "../deps/phoenix": {
      "version": "1.7.18",
      "license": "MIT"
    },
    "../deps/phoenix_html": {
      "version": "4.2.0"
    },
    "../deps/phoenix_live_view": {
      "version": "1.0.3",
      "license": "MIT",
      "dependencies": {
        "morphdom": "2.7.4"
      },
      "devDependencies": {
        "@babel/cli": "7.26.4",
        "@babel/core": "7.26.0",
        "@babel/preset-env": "7.26.0",
        "@eslint/js": "^9.18.0",
        "@playwright/test": "^1.49.1",
        "@stylistic/eslint-plugin-js": "^2.12.1",
        "css.escape": "^1.5.1",
        "eslint": "9.18.0",
        "eslint-plugin-jest": "28.10.0",
        "eslint-plugin-playwright": "^2.1.0",
        "globals": "^15.14.0",
        "jest": "^29.7.0",
        "jest-environment-jsdom": "^29.7.0",
        "jest-monocart-coverage": "^1.1.1",
        "monocart-reporter": "^2.9.13",
        "phoenix": "1.7.18"
      }
    },
    "node_modules/phoenix": {
      "resolved": "../deps/phoenix",
      "link": true
    },
    "node_modules/phoenix_html": {
      "resolved": "../deps/phoenix_html",
      "link": true
    },
    "node_modules/phoenix_live_view": {
      "resolved": "../deps/phoenix_live_view",
      "link": true
    },
    "node_modules/topbar": {
      "version": "1.0.1",
      "resolved": "https://registry.npmjs.org/topbar/-/topbar-1.0.1.tgz",
      "integrity": "sha512-HZqQSMBiG29vcjOrqKCM9iGY/h69G5gQH7ae83ZCPz5uPmbQKwK0sMEqzVDBiu64tWHJ+kk9NApECrF+FAAvRA=="
    }
  },
  "dependencies": {
    "phoenix": {
      "version": "file:../deps/phoenix"
    },
    "phoenix_html": {
      "version": "file:../deps/phoenix_html"
    },
    "phoenix_live_view": {
      "version": "file:../deps/phoenix_live_view",
      "requires": {
        "@babel/cli": "7.26.4",
        "@babel/core": "7.26.0",
        "@babel/preset-env": "7.26.0",
        "@eslint/js": "^9.18.0",
        "@playwright/test": "^1.49.1",
        "@stylistic/eslint-plugin-js": "^2.12.1",
        "css.escape": "^1.5.1",
        "eslint": "9.18.0",
        "eslint-plugin-jest": "28.10.0",
        "eslint-plugin-playwright": "^2.1.0",
        "globals": "^15.14.0",
        "jest": "^29.7.0",
        "jest-environment-jsdom": "^29.7.0",
        "jest-monocart-coverage": "^1.1.1",
        "monocart-reporter": "^2.9.13",
        "morphdom": "2.7.4",
        "phoenix": "1.7.18"
      }
    },
    "topbar": {
      "version": "1.0.1",
      "resolved": "https://registry.npmjs.org/topbar/-/topbar-1.0.1.tgz",
      "integrity": "sha512-HZqQSMBiG29vcjOrqKCM9iGY/h69G5gQH7ae83ZCPz5uPmbQKwK0sMEqzVDBiu64tWHJ+kk9NApECrF+FAAvRA=="
    }
  }
}
